
Microsoft Visual Studio Solution File, Format Version 12.00
# Visual Studio Version 17
VisualStudioVersion = 17.0.31903.59
MinimumVisualStudioVersion = 10.0.40219.1
Project("{FAE04EC0-301F-11D3-BF4B-00C04F79EFBC}") = "Discoteque.API", "Discoteque.API\Discoteque.API.csproj", "{ABC6FF2C-0C92-41AC-89E9-F0D3ED1936C0}"
EndProject
Project("{FAE04EC0-301F-11D3-BF4B-00C04F79EFBC}") = "Discoteque.Business", "Discoteque.Business\Discoteque.Business.csproj", "{89B618C6-1018-49A6-849D-4E9225A37A9D}"
EndProject
Project("{FAE04EC0-301F-11D3-BF4B-00C04F79EFBC}") = "Discoteque.Data", "Discoteque.Data\Discoteque.Data.csproj", "{3AC065EB-B7AA-4F66-BF21-D9E5DA6B279D}"
EndProject
Global
	GlobalSection(SolutionConfigurationPlatforms) = preSolution
		Debug|Any CPU = Debug|Any CPU
		Release|Any CPU = Release|Any CPU
	EndGlobalSection
	GlobalSection(SolutionProperties) = preSolution
		HideSolutionNode = FALSE
	EndGlobalSection
	GlobalSection(ProjectConfigurationPlatforms) = postSolution
		{ABC6FF2C-0C92-41AC-89E9-F0D3ED1936C0}.Debug|Any CPU.ActiveCfg = Debug|Any CPU
		{ABC6FF2C-0C92-41AC-89E9-F0D3ED1936C0}.Debug|Any CPU.Build.0 = Debug|Any CPU
		{ABC6FF2C-0C92-41AC-89E9-F0D3ED1936C0}.Release|Any CPU.ActiveCfg = Release|Any CPU
		{ABC6FF2C-0C92-41AC-89E9-F0D3ED1936C0}.Release|Any CPU.Build.0 = Release|Any CPU
		{89B618C6-1018-49A6-849D-4E9225A37A9D}.Debug|Any CPU.ActiveCfg = Debug|Any CPU
		{89B618C6-1018-49A6-849D-4E9225A37A9D}.Debug|Any CPU.Build.0 = Debug|Any CPU
		{89B618C6-1018-49A6-849D-4E9225A37A9D}.Release|Any CPU.ActiveCfg = Release|Any CPU
		{89B618C6-1018-49A6-849D-4E9225A37A9D}.Release|Any CPU.Build.0 = Release|Any CPU
		{3AC065EB-B7AA-4F66-BF21-D9E5DA6B279D}.Debug|Any CPU.ActiveCfg = Debug|Any CPU
		{3AC065EB-B7AA-4F66-BF21-D9E5DA6B279D}.Debug|Any CPU.Build.0 = Debug|Any CPU
		{3AC065EB-B7AA-4F66-BF21-D9E5DA6B279D}.Release|Any CPU.ActiveCfg = Release|Any CPU
		{3AC065EB-B7AA-4F66-BF21-D9E5DA6B279D}.Release|Any CPU.Build.0 = Release|Any CPU
	EndGlobalSection
EndGlobal
